{
    "_readme": [
        "This file locks the dependencies of your project to a known state",
        "Read more about it at https://getcomposer.org/doc/01-basic-usage.md#installing-dependencies",
        "This file is @generated automatically"
    ],
    "content-hash": "b236e120ae0a0ed2670bc618f0869dc3",
    "packages": [
        {
            "name": "manticoresoftware/manticoresearch-php",
            "version": "v2.3.0",
            "source": {
                "type": "git",
                "url": "https://github.com/manticoresoftware/manticoresearch-php.git",
                "reference": "361a9c9c1e4b18307ef56fe7384640782e1d2aa1"
            },
            "dist": {
                "type": "zip",
                "url": "https://api.github.com/repos/manticoresoftware/manticoresearch-php/zipball/361a9c9c1e4b18307ef56fe7384640782e1d2aa1",
                "reference": "361a9c9c1e4b18307ef56fe7384640782e1d2aa1",
                "shasum": ""
            },
            "require": {
                "ext-json": "*",
                "php": ">=7.1",
                "psr/log": ">=1.1"
            },
            "require-dev": {
                "mockery/mockery": "*",
                "phpunit/phpunit": ">=7.5",
                "squizlabs/php_codesniffer": ">=3.5"
            },
            "suggest": {
                "ext-curl": "*",
                "guzzlehttp/psr7": ">=1.6",
                "monolog/monolog": "*",
                "php-http/curl-client": ">=1.7",
                "php-http/httplug": "^1.1",
                "php-http/message": "^1.7"
            },
            "type": "library",
            "autoload": {
                "psr-4": {
                    "Manticoresearch\\": "src/Manticoresearch/"
                }
            },
            "notification-url": "https://packagist.org/downloads/",
            "license": [
                "MIT"
            ],
            "authors": [
                {
                    "name": "Manticore Software",
                    "email": "contact@manticoresearch.com",
                    "homepage": "https://manticoresearch.com/"
                },
                {
                    "name": "Adrian Nuta",
                    "email": "adriannuta@gmail.com",
                    "role": "Developer"
                }
            ],
            "description": "PHP Client for Manticore Search",
            "keywords": [
                "client",
                "manticoresearch",
                "search"
            ],
            "support": {
                "chat": "https://slack.manticoresearch.com/",
                "issues": "https://github.com/manticoresoftware/manticoresearch-php/issues",
                "source": "https://github.com/manticoresoftware/manticoresearch-php/"
            },
            "time": "2023-02-01T15:49:33+00:00"
        },
        {
            "name": "psr/log",
            "version": "1.1.4",
            "source": {
                "type": "git",
                "url": "https://github.com/php-fig/log.git",
                "reference": "d49695b909c3b7628b6289db5479a1c204601f11"
            },
            "dist": {
                "type": "zip",
                "url": "https://api.github.com/repos/php-fig/log/zipball/d49695b909c3b7628b6289db5479a1c204601f11",
                "reference": "d49695b909c3b7628b6289db5479a1c204601f11",
                "shasum": ""
            },
            "require": {
                "php": ">=5.3.0"
            },
            "type": "library",
            "extra": {
                "branch-alias": {
                    "dev-master": "1.1.x-dev"
                }
            },
            "autoload": {
                "psr-4": {
                    "Psr\\Log\\": "Psr/Log/"
                }
            },
            "notification-url": "https://packagist.org/downloads/",
            "license": [
                "MIT"
            ],
            "authors": [
                {
                    "name": "PHP-FIG",
                    "homepage": "https://www.php-fig.org/"
                }
            ],
            "description": "Common interface for logging libraries",
            "homepage": "https://github.com/php-fig/log",
            "keywords": [
                "log",
                "psr",
                "psr-3"
            ],
            "support": {
                "source": "https://github.com/php-fig/log/tree/1.1.4"
            },
            "time": "2021-05-03T11:20:27+00:00"
        }
    ],
    "packages-dev": [],
    "aliases": [],
    "minimum-stability": "stable",
    "stability-flags": [],
    "prefer-stable": false,
    "prefer-lowest": false,
    "platform": [],
    "platform-dev": [],
    "plugin-api-version": "2.3.0"
}
