
Microsoft Visual Studio Solution File, Format Version 12.00
# Visual Studio Version 17
VisualStudioVersion = 17.4.33213.308
MinimumVisualStudioVersion = 10.0.40219.1
Project("{FAE04EC0-301F-11D3-BF4B-00C04F79EFBC}") = "CSharpCodeDemo", "CSharpCodeDemo\CSharpCodeDemo.csproj", "{950C17EA-E4BB-4919-B9D2-C5DBD465752E}"
EndProject
Global
	GlobalSection(SolutionConfigurationPlatforms) = preSolution
		Debug|Any CPU = Debug|Any CPU
		Release|Any CPU = Release|Any CPU
	EndGlobalSection
	GlobalSection(ProjectConfigurationPlatforms) = postSolution
		{950C17EA-E4BB-4919-B9D2-C5DBD465752E}.Debug|Any CPU.ActiveCfg = Debug|Any CPU
		{950C17EA-E4BB-4919-B9D2-C5DBD465752E}.Debug|Any CPU.Build.0 = Debug|Any CPU
		{950C17EA-E4BB-4919-B9D2-C5DBD465752E}.Release|Any CPU.ActiveCfg = Release|Any CPU
		{950C17EA-E4BB-4919-B9D2-C5DBD465752E}.Release|Any CPU.Build.0 = Release|Any CPU
	EndGlobalSection
	GlobalSection(SolutionProperties) = preSolution
		HideSolutionNode = FALSE
	EndGlobalSection
	GlobalSection(ExtensibilityGlobals) = postSolution
		SolutionGuid = {B6190B35-6A2A-4B3F-BC9C-B63D3F8DA07A}
	EndGlobalSection
EndGlobal
